
Microsoft Visual Studio Solution File, Format Version 12.00
# Visual Studio 15
VisualStudioVersion = 15.0.28307.757
MinimumVisualStudioVersion = 10.0.40219.1
Project("{FAE04EC0-301F-11D3-BF4B-00C04F79EFBC}") = "SampleApi", "SampleApi\SampleApi.csproj", "{A34BDFA7-01AA-4B9A-ABE1-7FE171E483D0}"
EndProject
Project("{FAE04EC0-301F-11D3-BF4B-00C04F79EFBC}") = "SampleApiTest", "SampleApiTest\SampleApiTest.csproj", "{12E6840D-031F-4491-8378-E70E05D77061}"
EndProject
Global
	GlobalSection(SolutionConfigurationPlatforms) = preSolution
		Debug|Any CPU = Debug|Any CPU
		Release|Any CPU = Release|Any CPU
	EndGlobalSection
	GlobalSection(ProjectConfigurationPlatforms) = postSolution
		{A34BDFA7-01AA-4B9A-ABE1-7FE171E483D0}.Debug|Any CPU.ActiveCfg = Debug|Any CPU
		{A34BDFA7-01AA-4B9A-ABE1-7FE171E483D0}.Debug|Any CPU.Build.0 = Debug|Any CPU
		{A34BDFA7-01AA-4B9A-ABE1-7FE171E483D0}.Release|Any CPU.ActiveCfg = Release|Any CPU
		{A34BDFA7-01AA-4B9A-ABE1-7FE171E483D0}.Release|Any CPU.Build.0 = Release|Any CPU
		{12E6840D-031F-4491-8378-E70E05D77061}.Debug|Any CPU.ActiveCfg = Debug|Any CPU
		{12E6840D-031F-4491-8378-E70E05D77061}.Debug|Any CPU.Build.0 = Debug|Any CPU
		{12E6840D-031F-4491-8378-E70E05D77061}.Release|Any CPU.ActiveCfg = Release|Any CPU
		{12E6840D-031F-4491-8378-E70E05D77061}.Release|Any CPU.Build.0 = Release|Any CPU
	EndGlobalSection
	GlobalSection(SolutionProperties) = preSolution
		HideSolutionNode = FALSE
	EndGlobalSection
	GlobalSection(ExtensibilityGlobals) = postSolution
		SolutionGuid = {D9233EF8-7B0A-4FCE-98B5-BEB49DFF2F60}
	EndGlobalSection
EndGlobal
